{
  "requires": true,
  "lockfileVersion": 1,
  "dependencies": {
    "vue-router": {
      "version": "4.0.6",
      "resolved": "https://registry.npmjs.org/vue-router/-/vue-router-4.0.6.tgz",
      "integrity": "sha512-Y04llmK2PyaESj+N33VxLjGCUDuv9t4q2OpItEGU7POZiuQZaugV6cJpE6Qm1sVFtxufodLKN2y2dQl9nk0Reg=="
    }
  }
}
